
Microsoft Visual Studio Solution File, Format Version 12.00
# Visual Studio Version 17
VisualStudioVersion = 17.2.32505.173
MinimumVisualStudioVersion = 10.0.40219.1
Project("{FAE04EC0-301F-11D3-BF4B-00C04F79EFBC}") = "MathTask", "MathTask.csproj", "{D95435B2-381D-457C-A621-342F661CB57E}"
EndProject
Project("{FAE04EC0-301F-11D3-BF4B-00C04F79EFBC}") = "MathTaskTests", "..\MathTaskTests\MathTaskTests.csproj", "{9136BB63-5FBA-4095-8B9C-C7E2691E02A6}"
EndProject
Global
	GlobalSection(SolutionConfigurationPlatforms) = preSolution
		Debug|Any CPU = Debug|Any CPU
		Release|Any CPU = Release|Any CPU
	EndGlobalSection
	GlobalSection(ProjectConfigurationPlatforms) = postSolution
		{D95435B2-381D-457C-A621-342F661CB57E}.Debug|Any CPU.ActiveCfg = Debug|Any CPU
		{D95435B2-381D-457C-A621-342F661CB57E}.Debug|Any CPU.Build.0 = Debug|Any CPU
		{D95435B2-381D-457C-A621-342F661CB57E}.Release|Any CPU.ActiveCfg = Release|Any CPU
		{D95435B2-381D-457C-A621-342F661CB57E}.Release|Any CPU.Build.0 = Release|Any CPU
		{9136BB63-5FBA-4095-8B9C-C7E2691E02A6}.Debug|Any CPU.ActiveCfg = Debug|Any CPU
		{9136BB63-5FBA-4095-8B9C-C7E2691E02A6}.Debug|Any CPU.Build.0 = Debug|Any CPU
		{9136BB63-5FBA-4095-8B9C-C7E2691E02A6}.Release|Any CPU.ActiveCfg = Release|Any CPU
		{9136BB63-5FBA-4095-8B9C-C7E2691E02A6}.Release|Any CPU.Build.0 = Release|Any CPU
	EndGlobalSection
	GlobalSection(SolutionProperties) = preSolution
		HideSolutionNode = FALSE
	EndGlobalSection
	GlobalSection(ExtensibilityGlobals) = postSolution
		SolutionGuid = {C975F370-2CF3-4C89-9BBD-FE5FD083DC53}
	EndGlobalSection
EndGlobal
